
Microsoft Visual Studio Solution File, Format Version 12.00
# Visual Studio Version 17
VisualStudioVersion = 17.7.34018.315
MinimumVisualStudioVersion = 10.0.40219.1
Project("{FAE04EC0-301F-11D3-BF4B-00C04F79EFBC}") = "I01Exercise", "I01Exercise\I01Exercise.csproj", "{3EC4647B-2293-4280-A862-448F84401315}"
EndProject
Project("{FAE04EC0-301F-11D3-BF4B-00C04F79EFBC}") = "ClassLibrary", "ClassLibrary\ClassLibrary.csproj", "{438485BA-ECDB-4618-BA07-26E0BB87BCB2}"
EndProject
Global
	GlobalSection(SolutionConfigurationPlatforms) = preSolution
		Debug|Any CPU = Debug|Any CPU
		Release|Any CPU = Release|Any CPU
	EndGlobalSection
	GlobalSection(ProjectConfigurationPlatforms) = postSolution
		{3EC4647B-2293-4280-A862-448F84401315}.Debug|Any CPU.ActiveCfg = Debug|Any CPU
		{3EC4647B-2293-4280-A862-448F84401315}.Debug|Any CPU.Build.0 = Debug|Any CPU
		{3EC4647B-2293-4280-A862-448F84401315}.Release|Any CPU.ActiveCfg = Release|Any CPU
		{3EC4647B-2293-4280-A862-448F84401315}.Release|Any CPU.Build.0 = Release|Any CPU
		{438485BA-ECDB-4618-BA07-26E0BB87BCB2}.Debug|Any CPU.ActiveCfg = Debug|Any CPU
		{438485BA-ECDB-4618-BA07-26E0BB87BCB2}.Debug|Any CPU.Build.0 = Debug|Any CPU
		{438485BA-ECDB-4618-BA07-26E0BB87BCB2}.Release|Any CPU.ActiveCfg = Release|Any CPU
		{438485BA-ECDB-4618-BA07-26E0BB87BCB2}.Release|Any CPU.Build.0 = Release|Any CPU
	EndGlobalSection
	GlobalSection(SolutionProperties) = preSolution
		HideSolutionNode = FALSE
	EndGlobalSection
	GlobalSection(ExtensibilityGlobals) = postSolution
		SolutionGuid = {6EEB0AD1-6B0E-4628-BD91-6E116991EDA6}
	EndGlobalSection
EndGlobal
