
Microsoft Visual Studio Solution File, Format Version 12.00
# Visual Studio Version 17
VisualStudioVersion = 17.7.34018.315
MinimumVisualStudioVersion = 10.0.40219.1
Project("{2150E333-8FDC-42A3-9474-1A3956D46DE8}") = "Exams", "Exams", "{923ACE12-5E5C-4118-93F5-D08610BA63C6}"
EndProject
Project("{2150E333-8FDC-42A3-9474-1A3956D46DE8}") = "TheBookstore", "TheBookstore", "{16D8FA96-0630-40AB-930B-0F4B72414C46}"
EndProject
Project("{9A19103F-16F7-4668-BE54-9A1E7A4F7556}") = "WinFormsApp", "Exams\TheBookstore\FrmTest\WinFormsApp.csproj", "{BF5AC148-E4C0-47E8-BBB4-814459BB2BD4}"
EndProject
Project("{9A19103F-16F7-4668-BE54-9A1E7A4F7556}") = "ClassLibrary", "Exams\TheBookstore\ClassLibrary\ClassLibrary.csproj", "{1CD24620-FCFC-439D-B3EA-5D83F1F54400}"
EndProject
Global
	GlobalSection(SolutionConfigurationPlatforms) = preSolution
		Debug|Any CPU = Debug|Any CPU
		Release|Any CPU = Release|Any CPU
	EndGlobalSection
	GlobalSection(ProjectConfigurationPlatforms) = postSolution
		{BF5AC148-E4C0-47E8-BBB4-814459BB2BD4}.Debug|Any CPU.ActiveCfg = Debug|Any CPU
		{BF5AC148-E4C0-47E8-BBB4-814459BB2BD4}.Debug|Any CPU.Build.0 = Debug|Any CPU
		{BF5AC148-E4C0-47E8-BBB4-814459BB2BD4}.Release|Any CPU.ActiveCfg = Release|Any CPU
		{BF5AC148-E4C0-47E8-BBB4-814459BB2BD4}.Release|Any CPU.Build.0 = Release|Any CPU
		{1CD24620-FCFC-439D-B3EA-5D83F1F54400}.Debug|Any CPU.ActiveCfg = Debug|Any CPU
		{1CD24620-FCFC-439D-B3EA-5D83F1F54400}.Debug|Any CPU.Build.0 = Debug|Any CPU
		{1CD24620-FCFC-439D-B3EA-5D83F1F54400}.Release|Any CPU.ActiveCfg = Release|Any CPU
		{1CD24620-FCFC-439D-B3EA-5D83F1F54400}.Release|Any CPU.Build.0 = Release|Any CPU
	EndGlobalSection
	GlobalSection(SolutionProperties) = preSolution
		HideSolutionNode = FALSE
	EndGlobalSection
	GlobalSection(NestedProjects) = preSolution
		{16D8FA96-0630-40AB-930B-0F4B72414C46} = {923ACE12-5E5C-4118-93F5-D08610BA63C6}
		{BF5AC148-E4C0-47E8-BBB4-814459BB2BD4} = {16D8FA96-0630-40AB-930B-0F4B72414C46}
		{1CD24620-FCFC-439D-B3EA-5D83F1F54400} = {16D8FA96-0630-40AB-930B-0F4B72414C46}
	EndGlobalSection
	GlobalSection(ExtensibilityGlobals) = postSolution
		SolutionGuid = {A975897C-FAC4-46AF-8A9C-DFC56FCDFDD4}
	EndGlobalSection
EndGlobal
